
Microsoft Visual Studio Solution File, Format Version 12.00
# Visual Studio Version 17
VisualStudioVersion = 17.7.34031.279
MinimumVisualStudioVersion = 10.0.40219.1
Project("{FAE04EC0-301F-11D3-BF4B-00C04F79EFBC}") = "PhotoEnhancer", "PhotoEnhancer\PhotoEnhancer.csproj", "{EB9F7B08-AC78-4629-96AF-7E1E8AC813D2}"
EndProject
Project("{FAE04EC0-301F-11D3-BF4B-00C04F79EFBC}") = "Profiler", "Profiler\Profiler.csproj", "{F7C3B68F-32C1-4C01-9958-E4D3D9DCF1A9}"
EndProject
Global
	GlobalSection(SolutionConfigurationPlatforms) = preSolution
		Debug|Any CPU = Debug|Any CPU
		Release|Any CPU = Release|Any CPU
	EndGlobalSection
	GlobalSection(ProjectConfigurationPlatforms) = postSolution
		{EB9F7B08-AC78-4629-96AF-7E1E8AC813D2}.Debug|Any CPU.ActiveCfg = Debug|Any CPU
		{EB9F7B08-AC78-4629-96AF-7E1E8AC813D2}.Debug|Any CPU.Build.0 = Debug|Any CPU
		{EB9F7B08-AC78-4629-96AF-7E1E8AC813D2}.Release|Any CPU.ActiveCfg = Release|Any CPU
		{EB9F7B08-AC78-4629-96AF-7E1E8AC813D2}.Release|Any CPU.Build.0 = Release|Any CPU
		{F7C3B68F-32C1-4C01-9958-E4D3D9DCF1A9}.Debug|Any CPU.ActiveCfg = Debug|Any CPU
		{F7C3B68F-32C1-4C01-9958-E4D3D9DCF1A9}.Debug|Any CPU.Build.0 = Debug|Any CPU
		{F7C3B68F-32C1-4C01-9958-E4D3D9DCF1A9}.Release|Any CPU.ActiveCfg = Release|Any CPU
		{F7C3B68F-32C1-4C01-9958-E4D3D9DCF1A9}.Release|Any CPU.Build.0 = Release|Any CPU
	EndGlobalSection
	GlobalSection(SolutionProperties) = preSolution
		HideSolutionNode = FALSE
	EndGlobalSection
	GlobalSection(ExtensibilityGlobals) = postSolution
		SolutionGuid = {2AE3E25F-6363-44CB-AF13-3FF5FB18FC34}
	EndGlobalSection
EndGlobal
